
Microsoft Visual Studio Solution File, Format Version 12.00
# Visual Studio Version 17
VisualStudioVersion = 17.6.33712.159
MinimumVisualStudioVersion = 10.0.40219.1
Project("{9A19103F-16F7-4668-BE54-9A1E7A4F7556}") = "Forum.Web", "Forum.Web\Forum.Web.csproj", "{3C68A7D9-B90F-4F9B-BC1B-1313C556ED3E}"
EndProject
Project("{9A19103F-16F7-4668-BE54-9A1E7A4F7556}") = "Forum.Data", "Forum.Data\Forum.Data.csproj", "{7601498B-AB3C-4E6A-A69A-3DA3AFAE3194}"
EndProject
Project("{2150E333-8FDC-42A3-9474-1A3956D46DE8}") = "Solution Items", "Solution Items", "{6E2A2622-9363-4B32-8247-918FE2796ADF}"
	ProjectSection(SolutionItems) = preProject
		.editorconfig = .editorconfig
	EndProjectSection
EndProject
Project("{FAE04EC0-301F-11D3-BF4B-00C04F79EFBC}") = "Forum.Services", "Forum.Services\Forum.Services.csproj", "{8E145BC5-FBD8-4AAA-A1B9-4E26464088A9}"
EndProject
Global
	GlobalSection(SolutionConfigurationPlatforms) = preSolution
		Debug|Any CPU = Debug|Any CPU
		Release|Any CPU = Release|Any CPU
	EndGlobalSection
	GlobalSection(ProjectConfigurationPlatforms) = postSolution
		{3C68A7D9-B90F-4F9B-BC1B-1313C556ED3E}.Debug|Any CPU.ActiveCfg = Debug|Any CPU
		{3C68A7D9-B90F-4F9B-BC1B-1313C556ED3E}.Debug|Any CPU.Build.0 = Debug|Any CPU
		{3C68A7D9-B90F-4F9B-BC1B-1313C556ED3E}.Release|Any CPU.ActiveCfg = Release|Any CPU
		{3C68A7D9-B90F-4F9B-BC1B-1313C556ED3E}.Release|Any CPU.Build.0 = Release|Any CPU
		{7601498B-AB3C-4E6A-A69A-3DA3AFAE3194}.Debug|Any CPU.ActiveCfg = Debug|Any CPU
		{7601498B-AB3C-4E6A-A69A-3DA3AFAE3194}.Debug|Any CPU.Build.0 = Debug|Any CPU
		{7601498B-AB3C-4E6A-A69A-3DA3AFAE3194}.Release|Any CPU.ActiveCfg = Release|Any CPU
		{7601498B-AB3C-4E6A-A69A-3DA3AFAE3194}.Release|Any CPU.Build.0 = Release|Any CPU
		{8E145BC5-FBD8-4AAA-A1B9-4E26464088A9}.Debug|Any CPU.ActiveCfg = Debug|Any CPU
		{8E145BC5-FBD8-4AAA-A1B9-4E26464088A9}.Debug|Any CPU.Build.0 = Debug|Any CPU
		{8E145BC5-FBD8-4AAA-A1B9-4E26464088A9}.Release|Any CPU.ActiveCfg = Release|Any CPU
		{8E145BC5-FBD8-4AAA-A1B9-4E26464088A9}.Release|Any CPU.Build.0 = Release|Any CPU
	EndGlobalSection
	GlobalSection(SolutionProperties) = preSolution
		HideSolutionNode = FALSE
	EndGlobalSection
	GlobalSection(ExtensibilityGlobals) = postSolution
		SolutionGuid = {A1810157-697B-4967-94EC-9F5A9EAE012E}
	EndGlobalSection
EndGlobal
